{
    "_readme": [
        "This file locks the dependencies of your project to a known state",
        "Read more about it at https://getcomposer.org/doc/01-basic-usage.md#installing-dependencies",
        "This file is @generated automatically"
    ],
    "content-hash": "2b16921573caf1212a7fdfa4a12367aa",
    "packages": [
        {
            "name": "irazasyed/telegram-bot-sdk",
            "version": "3.5.0",
            "source": {
                "type": "git",
                "url": "https://github.com/NikoVonLas/telegram-bot-sdk",
                "reference": "develop"
            },
            "type": "library"
        }
    ],
    "packages-dev": [],
    "aliases": [],
    "minimum-stability": "stable",
    "stability-flags": [],
    "prefer-stable": false,
    "prefer-lowest": false,
    "platform": [],
    "platform-dev": [],
    "plugin-api-version": "2.1.0"
}
